
Microsoft Visual Studio Solution File, Format Version 12.00
# Visual Studio 15
VisualStudioVersion = 15.0.27004.2005
MinimumVisualStudioVersion = 10.0.40219.1
Project("{FAE04EC0-301F-11D3-BF4B-00C04F79EFBC}") = "EnergyPerformance", "EnergyPerformance\EnergyPerformance.csproj", "{1E115D80-64EE-45A6-A4F3-93AC491380AC}"
EndProject
Global
	GlobalSection(SolutionConfigurationPlatforms) = preSolution
		Debug|Any CPU = Debug|Any CPU
		Release|Any CPU = Release|Any CPU
	EndGlobalSection
	GlobalSection(ProjectConfigurationPlatforms) = postSolution
		{1E115D80-64EE-45A6-A4F3-93AC491380AC}.Debug|Any CPU.ActiveCfg = Debug|Any CPU
		{1E115D80-64EE-45A6-A4F3-93AC491380AC}.Debug|Any CPU.Build.0 = Debug|Any CPU
		{1E115D80-64EE-45A6-A4F3-93AC491380AC}.Release|Any CPU.ActiveCfg = Release|Any CPU
		{1E115D80-64EE-45A6-A4F3-93AC491380AC}.Release|Any CPU.Build.0 = Release|Any CPU
	EndGlobalSection
	GlobalSection(SolutionProperties) = preSolution
		HideSolutionNode = FALSE
	EndGlobalSection
	GlobalSection(ExtensibilityGlobals) = postSolution
		SolutionGuid = {5853F0F6-F60A-4A3D-9241-FF65EEB25DC0}
	EndGlobalSection
EndGlobal
